
Microsoft Visual Studio Solution File, Format Version 12.00
# Visual Studio Version 17
VisualStudioVersion = 17.1.32319.34
MinimumVisualStudioVersion = 10.0.40219.1
Project("{FAE04EC0-301F-11D3-BF4B-00C04F79EFBC}") = "lmc.poc.tests", "lmc.poc.tests\lmc.poc.tests.csproj", "{2289B88B-8EE5-4A80-87FB-C77B9C81B218}"
EndProject
Project("{FAE04EC0-301F-11D3-BF4B-00C04F79EFBC}") = "lmc.poc", "lmc.poc\lmc.poc.csproj", "{A75F1703-536A-45F3-9291-096AB1A6B3A3}"
EndProject
Global
	GlobalSection(SolutionConfigurationPlatforms) = preSolution
		Debug|Any CPU = Debug|Any CPU
		Release|Any CPU = Release|Any CPU
	EndGlobalSection
	GlobalSection(ProjectConfigurationPlatforms) = postSolution
		{2289B88B-8EE5-4A80-87FB-C77B9C81B218}.Debug|Any CPU.ActiveCfg = Debug|Any CPU
		{2289B88B-8EE5-4A80-87FB-C77B9C81B218}.Debug|Any CPU.Build.0 = Debug|Any CPU
		{2289B88B-8EE5-4A80-87FB-C77B9C81B218}.Release|Any CPU.ActiveCfg = Release|Any CPU
		{2289B88B-8EE5-4A80-87FB-C77B9C81B218}.Release|Any CPU.Build.0 = Release|Any CPU
		{A75F1703-536A-45F3-9291-096AB1A6B3A3}.Debug|Any CPU.ActiveCfg = Debug|Any CPU
		{A75F1703-536A-45F3-9291-096AB1A6B3A3}.Debug|Any CPU.Build.0 = Debug|Any CPU
		{A75F1703-536A-45F3-9291-096AB1A6B3A3}.Release|Any CPU.ActiveCfg = Release|Any CPU
		{A75F1703-536A-45F3-9291-096AB1A6B3A3}.Release|Any CPU.Build.0 = Release|Any CPU
	EndGlobalSection
	GlobalSection(SolutionProperties) = preSolution
		HideSolutionNode = FALSE
	EndGlobalSection
	GlobalSection(ExtensibilityGlobals) = postSolution
		SolutionGuid = {5D3035B6-A190-4C95-A8B9-2ABB2546C97A}
	EndGlobalSection
EndGlobal
